
Microsoft Visual Studio Solution File, Format Version 12.00
# Visual Studio Version 16
VisualStudioVersion = 16.0.29920.165
MinimumVisualStudioVersion = 10.0.40219.1
Project("{8BC9CEB8-8B4A-11D0-8D11-00A0C91BC942}") = "Sandbox", "Sandbox\Sandbox.vcxproj", "{8D5BAFD2-186B-452A-B86F-9F329B94A909}"
EndProject
Project("{8BC9CEB8-8B4A-11D0-8D11-00A0C91BC942}") = "Hazel", "Hazel\Hazel.vcxproj", "{7C480C76-92A8-45BE-B8DD-25B66CAA48F0}"
EndProject
Global
	GlobalSection(SolutionConfigurationPlatforms) = preSolution
		Debug|x64 = Debug|x64
		Release|x64 = Release|x64
	EndGlobalSection
	GlobalSection(ProjectConfigurationPlatforms) = postSolution
		{7C480C76-92A8-45BE-B8DD-25B66CAA48F0}.Debug|x64.ActiveCfg = Debug|x64
		{7C480C76-92A8-45BE-B8DD-25B66CAA48F0}.Debug|x64.Build.0 = Debug|x64
		{7C480C76-92A8-45BE-B8DD-25B66CAA48F0}.Release|x64.ActiveCfg = Release|x64
		{7C480C76-92A8-45BE-B8DD-25B66CAA48F0}.Release|x64.Build.0 = Release|x64
		{8D5BAFD2-186B-452A-B86F-9F329B94A909}.Debug|x64.ActiveCfg = Debug|x64
		{8D5BAFD2-186B-452A-B86F-9F329B94A909}.Debug|x64.Build.0 = Debug|x64
		{8D5BAFD2-186B-452A-B86F-9F329B94A909}.Release|x64.ActiveCfg = Release|x64
		{8D5BAFD2-186B-452A-B86F-9F329B94A909}.Release|x64.Build.0 = Release|x64
	EndGlobalSection
	GlobalSection(SolutionProperties) = preSolution
		HideSolutionNode = FALSE
	EndGlobalSection
	GlobalSection(ExtensibilityGlobals) = postSolution
		SolutionGuid = {5CB3E082-CC88-490D-B057-6494C0B69D37}
	EndGlobalSection
EndGlobal
